
Microsoft Visual Studio Solution File, Format Version 12.00
# Visual Studio Version 16
VisualStudioVersion = 16.0.28917.181
MinimumVisualStudioVersion = 10.0.40219.1
Project("{FAE04EC0-301F-11D3-BF4B-00C04F79EFBC}") = "httplistener", "httplistener\httplistener.csproj", "{6695FD2F-6B6D-4D56-A704-BB5B267C38EA}"
EndProject
Global
	GlobalSection(SolutionConfigurationPlatforms) = preSolution
		Debug|Any CPU = Debug|Any CPU
		Release|Any CPU = Release|Any CPU
	EndGlobalSection
	GlobalSection(ProjectConfigurationPlatforms) = postSolution
		{6695FD2F-6B6D-4D56-A704-BB5B267C38EA}.Debug|Any CPU.ActiveCfg = Debug|Any CPU
		{6695FD2F-6B6D-4D56-A704-BB5B267C38EA}.Debug|Any CPU.Build.0 = Debug|Any CPU
		{6695FD2F-6B6D-4D56-A704-BB5B267C38EA}.Release|Any CPU.ActiveCfg = Release|Any CPU
		{6695FD2F-6B6D-4D56-A704-BB5B267C38EA}.Release|Any CPU.Build.0 = Release|Any CPU
	EndGlobalSection
	GlobalSection(SolutionProperties) = preSolution
		HideSolutionNode = FALSE
	EndGlobalSection
	GlobalSection(ExtensibilityGlobals) = postSolution
		SolutionGuid = {9A75938D-B394-488B-A552-8814D44E9FBC}
	EndGlobalSection
EndGlobal
